
Microsoft Visual Studio Solution File, Format Version 12.00
# Visual Studio Version 17
VisualStudioVersion = 17.0.31903.59
MinimumVisualStudioVersion = 10.0.40219.1
Project("{FAE04EC0-301F-11D3-BF4B-00C04F79EFBC}") = "TaskMagnet.API", "TaskMagnet.API\TaskMagnet.API.csproj", "{3BAB49C8-AC5B-4677-A226-03B75FFE8D06}"
EndProject
Project("{FAE04EC0-301F-11D3-BF4B-00C04F79EFBC}") = "TaskMagnet.Infrastructure.Database", "TaskMagnet.Infrastructure.Database\TaskMagnet.Infrastructure.Database.csproj", "{E9485430-46BA-4FA7-A370-62BF9A78639D}"
EndProject
Project("{FAE04EC0-301F-11D3-BF4B-00C04F79EFBC}") = "TaskMagnet.Core.Domain", "TaskMagnet.Core.Domain\TaskMagnet.Core.Domain.csproj", "{E15BF6B0-3EA7-44ED-AB85-303190CD0614}"
EndProject
Project("{FAE04EC0-301F-11D3-BF4B-00C04F79EFBC}") = "TaskMagnet.Core.Services", "TaskMagnet.Core.Services\TaskMagnet.Core.Services.csproj", "{43096526-D7F1-4B75-88DA-E9EB320DDE18}"
EndProject
Project("{FAE04EC0-301F-11D3-BF4B-00C04F79EFBC}") = "TaskMagnet.Common.Shared", "TaskMagnet.Common.Shared\TaskMagnet.Common.Shared.csproj", "{2F3BA4E0-40AD-4685-9017-A408C557CF93}"
EndProject
Global
	GlobalSection(SolutionConfigurationPlatforms) = preSolution
		Debug|Any CPU = Debug|Any CPU
		Release|Any CPU = Release|Any CPU
	EndGlobalSection
	GlobalSection(SolutionProperties) = preSolution
		HideSolutionNode = FALSE
	EndGlobalSection
	GlobalSection(ProjectConfigurationPlatforms) = postSolution
		{3BAB49C8-AC5B-4677-A226-03B75FFE8D06}.Debug|Any CPU.ActiveCfg = Debug|Any CPU
		{3BAB49C8-AC5B-4677-A226-03B75FFE8D06}.Debug|Any CPU.Build.0 = Debug|Any CPU
		{3BAB49C8-AC5B-4677-A226-03B75FFE8D06}.Release|Any CPU.ActiveCfg = Release|Any CPU
		{3BAB49C8-AC5B-4677-A226-03B75FFE8D06}.Release|Any CPU.Build.0 = Release|Any CPU
		{E9485430-46BA-4FA7-A370-62BF9A78639D}.Debug|Any CPU.ActiveCfg = Debug|Any CPU
		{E9485430-46BA-4FA7-A370-62BF9A78639D}.Debug|Any CPU.Build.0 = Debug|Any CPU
		{E9485430-46BA-4FA7-A370-62BF9A78639D}.Release|Any CPU.ActiveCfg = Release|Any CPU
		{E9485430-46BA-4FA7-A370-62BF9A78639D}.Release|Any CPU.Build.0 = Release|Any CPU
		{E15BF6B0-3EA7-44ED-AB85-303190CD0614}.Debug|Any CPU.ActiveCfg = Debug|Any CPU
		{E15BF6B0-3EA7-44ED-AB85-303190CD0614}.Debug|Any CPU.Build.0 = Debug|Any CPU
		{E15BF6B0-3EA7-44ED-AB85-303190CD0614}.Release|Any CPU.ActiveCfg = Release|Any CPU
		{E15BF6B0-3EA7-44ED-AB85-303190CD0614}.Release|Any CPU.Build.0 = Release|Any CPU
		{43096526-D7F1-4B75-88DA-E9EB320DDE18}.Debug|Any CPU.ActiveCfg = Debug|Any CPU
		{43096526-D7F1-4B75-88DA-E9EB320DDE18}.Debug|Any CPU.Build.0 = Debug|Any CPU
		{43096526-D7F1-4B75-88DA-E9EB320DDE18}.Release|Any CPU.ActiveCfg = Release|Any CPU
		{43096526-D7F1-4B75-88DA-E9EB320DDE18}.Release|Any CPU.Build.0 = Release|Any CPU
		{2F3BA4E0-40AD-4685-9017-A408C557CF93}.Debug|Any CPU.ActiveCfg = Debug|Any CPU
		{2F3BA4E0-40AD-4685-9017-A408C557CF93}.Debug|Any CPU.Build.0 = Debug|Any CPU
		{2F3BA4E0-40AD-4685-9017-A408C557CF93}.Release|Any CPU.ActiveCfg = Release|Any CPU
		{2F3BA4E0-40AD-4685-9017-A408C557CF93}.Release|Any CPU.Build.0 = Release|Any CPU
	EndGlobalSection
EndGlobal
